
Microsoft Visual Studio Solution File, Format Version 12.00
# Visual Studio Version 17
VisualStudioVersion = 17.0.31903.59
MinimumVisualStudioVersion = 10.0.40219.1
Project("{2150E333-8FDC-42A3-9474-1A3956D46DE8}") = "src", "src", "{A1B2C3D4-E5F6-7890-1234-56789ABCDEF0}"
EndProject
Project("{2150E333-8FDC-42A3-9474-1A3956D46DE8}") = "tests", "tests", "{B2C3D4E5-F678-9012-3456-789ABCDEF012}"
EndProject
Project("{FAE04EC0-301F-11D3-BF4B-00C04F79EFBC}") = "PadTime.Domain", "src\PadTime.Domain\PadTime.Domain.csproj", "{C3D4E5F6-7890-1234-5678-9ABCDEF01234}"
EndProject
Project("{FAE04EC0-301F-11D3-BF4B-00C04F79EFBC}") = "PadTime.Application", "src\PadTime.Application\PadTime.Application.csproj", "{D4E5F678-9012-3456-789A-BCDEF0123456}"
EndProject
Project("{FAE04EC0-301F-11D3-BF4B-00C04F79EFBC}") = "PadTime.Infrastructure", "src\PadTime.Infrastructure\PadTime.Infrastructure.csproj", "{E5F67890-1234-5678-9ABC-DEF012345678}"
EndProject
Project("{FAE04EC0-301F-11D3-BF4B-00C04F79EFBC}") = "PadTime.API", "src\PadTime.API\PadTime.API.csproj", "{F6789012-3456-789A-BCDE-F0123456789A}"
EndProject
Project("{FAE04EC0-301F-11D3-BF4B-00C04F79EFBC}") = "PadTime.Domain.Tests", "tests\PadTime.Domain.Tests\PadTime.Domain.Tests.csproj", "{12345678-9ABC-DEF0-1234-56789ABCDEF0}"
EndProject
Project("{FAE04EC0-301F-11D3-BF4B-00C04F79EFBC}") = "PadTime.Application.Tests", "tests\PadTime.Application.Tests\PadTime.Application.Tests.csproj", "{23456789-ABCD-EF01-2345-6789ABCDEF01}"
EndProject
Project("{FAE04EC0-301F-11D3-BF4B-00C04F79EFBC}") = "PadTime.API.IntegrationTests", "tests\PadTime.API.IntegrationTests\PadTime.API.IntegrationTests.csproj", "{3456789A-BCDE-F012-3456-789ABCDEF012}"
EndProject
Global
	GlobalSection(SolutionConfigurationPlatforms) = preSolution
		Debug|Any CPU = Debug|Any CPU
		Release|Any CPU = Release|Any CPU
	EndGlobalSection
	GlobalSection(ProjectConfigurationPlatforms) = postSolution
		{C3D4E5F6-7890-1234-5678-9ABCDEF01234}.Debug|Any CPU.ActiveCfg = Debug|Any CPU
		{C3D4E5F6-7890-1234-5678-9ABCDEF01234}.Debug|Any CPU.Build.0 = Debug|Any CPU
		{C3D4E5F6-7890-1234-5678-9ABCDEF01234}.Release|Any CPU.ActiveCfg = Release|Any CPU
		{C3D4E5F6-7890-1234-5678-9ABCDEF01234}.Release|Any CPU.Build.0 = Release|Any CPU
		{D4E5F678-9012-3456-789A-BCDEF0123456}.Debug|Any CPU.ActiveCfg = Debug|Any CPU
		{D4E5F678-9012-3456-789A-BCDEF0123456}.Debug|Any CPU.Build.0 = Debug|Any CPU
		{D4E5F678-9012-3456-789A-BCDEF0123456}.Release|Any CPU.ActiveCfg = Release|Any CPU
		{D4E5F678-9012-3456-789A-BCDEF0123456}.Release|Any CPU.Build.0 = Release|Any CPU
		{E5F67890-1234-5678-9ABC-DEF012345678}.Debug|Any CPU.ActiveCfg = Debug|Any CPU
		{E5F67890-1234-5678-9ABC-DEF012345678}.Debug|Any CPU.Build.0 = Debug|Any CPU
		{E5F67890-1234-5678-9ABC-DEF012345678}.Release|Any CPU.ActiveCfg = Release|Any CPU
		{E5F67890-1234-5678-9ABC-DEF012345678}.Release|Any CPU.Build.0 = Release|Any CPU
		{F6789012-3456-789A-BCDE-F0123456789A}.Debug|Any CPU.ActiveCfg = Debug|Any CPU
		{F6789012-3456-789A-BCDE-F0123456789A}.Debug|Any CPU.Build.0 = Debug|Any CPU
		{F6789012-3456-789A-BCDE-F0123456789A}.Release|Any CPU.ActiveCfg = Release|Any CPU
		{F6789012-3456-789A-BCDE-F0123456789A}.Release|Any CPU.Build.0 = Release|Any CPU
		{12345678-9ABC-DEF0-1234-56789ABCDEF0}.Debug|Any CPU.ActiveCfg = Debug|Any CPU
		{12345678-9ABC-DEF0-1234-56789ABCDEF0}.Debug|Any CPU.Build.0 = Debug|Any CPU
		{12345678-9ABC-DEF0-1234-56789ABCDEF0}.Release|Any CPU.ActiveCfg = Release|Any CPU
		{12345678-9ABC-DEF0-1234-56789ABCDEF0}.Release|Any CPU.Build.0 = Release|Any CPU
		{23456789-ABCD-EF01-2345-6789ABCDEF01}.Debug|Any CPU.ActiveCfg = Debug|Any CPU
		{23456789-ABCD-EF01-2345-6789ABCDEF01}.Debug|Any CPU.Build.0 = Debug|Any CPU
		{23456789-ABCD-EF01-2345-6789ABCDEF01}.Release|Any CPU.ActiveCfg = Release|Any CPU
		{23456789-ABCD-EF01-2345-6789ABCDEF01}.Release|Any CPU.Build.0 = Release|Any CPU
		{3456789A-BCDE-F012-3456-789ABCDEF012}.Debug|Any CPU.ActiveCfg = Debug|Any CPU
		{3456789A-BCDE-F012-3456-789ABCDEF012}.Debug|Any CPU.Build.0 = Debug|Any CPU
		{3456789A-BCDE-F012-3456-789ABCDEF012}.Release|Any CPU.ActiveCfg = Release|Any CPU
		{3456789A-BCDE-F012-3456-789ABCDEF012}.Release|Any CPU.Build.0 = Release|Any CPU
	EndGlobalSection
	GlobalSection(SolutionProperties) = preSolution
		HideSolutionNode = FALSE
	EndGlobalSection
	GlobalSection(NestedProjects) = preSolution
		{C3D4E5F6-7890-1234-5678-9ABCDEF01234} = {A1B2C3D4-E5F6-7890-1234-56789ABCDEF0}
		{D4E5F678-9012-3456-789A-BCDEF0123456} = {A1B2C3D4-E5F6-7890-1234-56789ABCDEF0}
		{E5F67890-1234-5678-9ABC-DEF012345678} = {A1B2C3D4-E5F6-7890-1234-56789ABCDEF0}
		{F6789012-3456-789A-BCDE-F0123456789A} = {A1B2C3D4-E5F6-7890-1234-56789ABCDEF0}
		{12345678-9ABC-DEF0-1234-56789ABCDEF0} = {B2C3D4E5-F678-9012-3456-789ABCDEF012}
		{23456789-ABCD-EF01-2345-6789ABCDEF01} = {B2C3D4E5-F678-9012-3456-789ABCDEF012}
		{3456789A-BCDE-F012-3456-789ABCDEF012} = {B2C3D4E5-F678-9012-3456-789ABCDEF012}
	EndGlobalSection
EndGlobal
